
Microsoft Visual Studio Solution File, Format Version 12.00
# Visual Studio Version 16
VisualStudioVersion = 16.0.28803.352
MinimumVisualStudioVersion = 10.0.40219.1
Project("{FAE04EC0-301F-11D3-BF4B-00C04F79EFBC}") = "Route66-SKP-SKAL-Assignment", "Route66-SKP-SKAL-Assignment\Route66-SKP-SKAL-Assignment.csproj", "{A75FCD4F-71EC-48FE-8A17-1003EE389149}"
EndProject
Global
	GlobalSection(SolutionConfigurationPlatforms) = preSolution
		Debug|Any CPU = Debug|Any CPU
		Release|Any CPU = Release|Any CPU
	EndGlobalSection
	GlobalSection(ProjectConfigurationPlatforms) = postSolution
		{A75FCD4F-71EC-48FE-8A17-1003EE389149}.Debug|Any CPU.ActiveCfg = Debug|Any CPU
		{A75FCD4F-71EC-48FE-8A17-1003EE389149}.Debug|Any CPU.Build.0 = Debug|Any CPU
		{A75FCD4F-71EC-48FE-8A17-1003EE389149}.Release|Any CPU.ActiveCfg = Release|Any CPU
		{A75FCD4F-71EC-48FE-8A17-1003EE389149}.Release|Any CPU.Build.0 = Release|Any CPU
	EndGlobalSection
	GlobalSection(SolutionProperties) = preSolution
		HideSolutionNode = FALSE
	EndGlobalSection
	GlobalSection(ExtensibilityGlobals) = postSolution
		SolutionGuid = {E6B31BF6-833E-4B54-BA72-96FF60F7E9CB}
	EndGlobalSection
EndGlobal
